
Microsoft Visual Studio Solution File, Format Version 12.00
# Visual Studio Version 16
VisualStudioVersion = 16.0.31727.386
MinimumVisualStudioVersion = 10.0.40219.1
Project("{FAE04EC0-301F-11D3-BF4B-00C04F79EFBC}") = "PowerPointArrangeAddin", "PowerPointArrangeAddin\PowerPointArrangeAddin.csproj", "{D0A4931D-7AAD-4CE2-A65E-B90B30FE1CE2}"
EndProject
Project("{54435603-DBB4-11D2-8724-00A0C9A8B90C}") = "PowerPointArrangeAddinSetup", "PowerPointArrangeAddinSetup\PowerPointArrangeAddinSetup.vdproj", "{BF8FFE34-BFC8-4974-8A0F-842A27A59F8A}"
EndProject
Project("{FAE04EC0-301F-11D3-BF4B-00C04F79EFBC}") = "PowerPointArrangeAddinSetupAction", "PowerPointArrangeAddinSetup\PowerPointArrangeAddinSetupAction.csproj", "{CD517063-5C97-49DB-93C2-3E31DCFE0203}"
EndProject
Project("{930C7802-8A8C-48F9-8165-68863BCCD9DD}") = "PowerPointArrangeAddinInstaller", "PowerPointArrangeAddinInstaller\PowerPointArrangeAddinInstaller.wixproj", "{B866F882-9361-4CFA-9CF7-42225DC660A9}"
EndProject
Project("{FAE04EC0-301F-11D3-BF4B-00C04F79EFBC}") = "PowerPointArrangeAddinInstallAction", "PowerPointArrangeAddinInstallAction\PowerPointArrangeAddinInstallAction.csproj", "{EE78335D-C033-4552-B47F-0719C7B343BE}"
EndProject
Global
	GlobalSection(SolutionConfigurationPlatforms) = preSolution
		Debug|x64 = Debug|x64
		Release|x64 = Release|x64
	EndGlobalSection
	GlobalSection(ProjectConfigurationPlatforms) = postSolution
		{D0A4931D-7AAD-4CE2-A65E-B90B30FE1CE2}.Debug|x64.ActiveCfg = Debug|x64
		{D0A4931D-7AAD-4CE2-A65E-B90B30FE1CE2}.Debug|x64.Build.0 = Debug|x64
		{D0A4931D-7AAD-4CE2-A65E-B90B30FE1CE2}.Release|x64.ActiveCfg = Release|x64
		{D0A4931D-7AAD-4CE2-A65E-B90B30FE1CE2}.Release|x64.Build.0 = Release|x64
		{BF8FFE34-BFC8-4974-8A0F-842A27A59F8A}.Debug|x64.ActiveCfg = Debug
		{BF8FFE34-BFC8-4974-8A0F-842A27A59F8A}.Release|x64.ActiveCfg = Release
		{CD517063-5C97-49DB-93C2-3E31DCFE0203}.Debug|x64.ActiveCfg = Debug|x64
		{CD517063-5C97-49DB-93C2-3E31DCFE0203}.Release|x64.ActiveCfg = Release|x64
		{B866F882-9361-4CFA-9CF7-42225DC660A9}.Debug|x64.ActiveCfg = Debug|x64
		{B866F882-9361-4CFA-9CF7-42225DC660A9}.Debug|x64.Build.0 = Debug|x64
		{B866F882-9361-4CFA-9CF7-42225DC660A9}.Release|x64.ActiveCfg = Release|x64
		{B866F882-9361-4CFA-9CF7-42225DC660A9}.Release|x64.Build.0 = Release|x64
		{EE78335D-C033-4552-B47F-0719C7B343BE}.Debug|x64.ActiveCfg = Debug|x64
		{EE78335D-C033-4552-B47F-0719C7B343BE}.Debug|x64.Build.0 = Debug|x64
		{EE78335D-C033-4552-B47F-0719C7B343BE}.Release|x64.ActiveCfg = Release|x64
		{EE78335D-C033-4552-B47F-0719C7B343BE}.Release|x64.Build.0 = Release|x64
	EndGlobalSection
	GlobalSection(SolutionProperties) = preSolution
		HideSolutionNode = FALSE
	EndGlobalSection
	GlobalSection(ExtensibilityGlobals) = postSolution
		SolutionGuid = {E21669F0-414A-41C9-903C-515A38762510}
	EndGlobalSection
EndGlobal
